
Microsoft Visual Studio Solution File, Format Version 12.00
# Visual Studio Version 17
VisualStudioVersion = 17.7.34031.279
MinimumVisualStudioVersion = 10.0.40219.1
Project("{888888A0-9F3D-457C-B088-3A5042F75D52}") = "Pytorch_Classifier", "Pytorch_Classifier.pyproj", "{51EBA2E8-0633-436E-96EF-AA678DE15723}"
EndProject
Global
	GlobalSection(SolutionConfigurationPlatforms) = preSolution
		Debug|Any CPU = Debug|Any CPU
		Release|Any CPU = Release|Any CPU
	EndGlobalSection
	GlobalSection(ProjectConfigurationPlatforms) = postSolution
		{51EBA2E8-0633-436E-96EF-AA678DE15723}.Debug|Any CPU.ActiveCfg = Debug|Any CPU
		{51EBA2E8-0633-436E-96EF-AA678DE15723}.Release|Any CPU.ActiveCfg = Release|Any CPU
	EndGlobalSection
	GlobalSection(SolutionProperties) = preSolution
		HideSolutionNode = FALSE
	EndGlobalSection
	GlobalSection(ExtensibilityGlobals) = postSolution
		SolutionGuid = {C97B93EC-6BE4-480B-9B78-B0591F750A13}
	EndGlobalSection
EndGlobal
